
Microsoft Visual Studio Solution File, Format Version 12.00
# Visual Studio Version 17
VisualStudioVersion = 17.13.35931.197 d17.13
MinimumVisualStudioVersion = 10.0.40219.1
Project("{FAE04EC0-301F-11D3-BF4B-00C04F79EFBC}") = "C44-G01-C#02", "C44-G01-C#02\C44-G01-C#02.csproj", "{6AFD52DD-6AFA-4596-92E8-39B8762AF243}"
EndProject
Global
	GlobalSection(SolutionConfigurationPlatforms) = preSolution
		Debug|Any CPU = Debug|Any CPU
		Release|Any CPU = Release|Any CPU
	EndGlobalSection
	GlobalSection(ProjectConfigurationPlatforms) = postSolution
		{6AFD52DD-6AFA-4596-92E8-39B8762AF243}.Debug|Any CPU.ActiveCfg = Debug|Any CPU
		{6AFD52DD-6AFA-4596-92E8-39B8762AF243}.Debug|Any CPU.Build.0 = Debug|Any CPU
		{6AFD52DD-6AFA-4596-92E8-39B8762AF243}.Release|Any CPU.ActiveCfg = Release|Any CPU
		{6AFD52DD-6AFA-4596-92E8-39B8762AF243}.Release|Any CPU.Build.0 = Release|Any CPU
	EndGlobalSection
	GlobalSection(SolutionProperties) = preSolution
		HideSolutionNode = FALSE
	EndGlobalSection
	GlobalSection(ExtensibilityGlobals) = postSolution
		SolutionGuid = {A846BDB3-7095-4CE0-81ED-EA7D482BE7E3}
	EndGlobalSection
EndGlobal
